
Microsoft Visual Studio Solution File, Format Version 12.00
# Visual Studio Version 17
VisualStudioVersion = 17.8.34511.84
MinimumVisualStudioVersion = 10.0.40219.1
Project("{FAE04EC0-301F-11D3-BF4B-00C04F79EFBC}") = "RazorPagesMovie", "RazorPagesMovie.csproj", "{836DE3F4-CF95-4788-85BE-8CD1B822AC80}"
EndProject
Global
	GlobalSection(SolutionConfigurationPlatforms) = preSolution
		Debug|Any CPU = Debug|Any CPU
		Release|Any CPU = Release|Any CPU
	EndGlobalSection
	GlobalSection(ProjectConfigurationPlatforms) = postSolution
		{836DE3F4-CF95-4788-85BE-8CD1B822AC80}.Debug|Any CPU.ActiveCfg = Debug|Any CPU
		{836DE3F4-CF95-4788-85BE-8CD1B822AC80}.Debug|Any CPU.Build.0 = Debug|Any CPU
		{836DE3F4-CF95-4788-85BE-8CD1B822AC80}.Release|Any CPU.ActiveCfg = Release|Any CPU
		{836DE3F4-CF95-4788-85BE-8CD1B822AC80}.Release|Any CPU.Build.0 = Release|Any CPU
	EndGlobalSection
	GlobalSection(SolutionProperties) = preSolution
		HideSolutionNode = FALSE
	EndGlobalSection
	GlobalSection(ExtensibilityGlobals) = postSolution
		SolutionGuid = {4AA4536B-6D63-44D6-A5D9-47B61BF80B00}
	EndGlobalSection
EndGlobal
